{
  "requires": true,
  "lockfileVersion": 1,
  "dependencies": {
    "@ideal-postcodes/address-finder": {
      "version": "2.3.3",
      "resolved": "https://registry.npmjs.org/@ideal-postcodes/address-finder/-/address-finder-2.3.3.tgz",
      "integrity": "sha512-HpEKoy2niVscc5q4f3XlkiXxAOb52/vYz6FbPjsK8Rz1eOhX7MM9Tx63Kyu0S+Fiu6nLe4s1NPIQ5mi9z9HIsg==",
      "requires": {
        "@ideal-postcodes/core-axios": "~3.0.3",
        "@ideal-postcodes/jsutil": "~4.4.2",
        "@xstate/fsm": "~1.6.0",
        "lodash": "~4.17.20"
      }
    },
    "@ideal-postcodes/api-typings": {
      "version": "2.1.0",
      "resolved": "https://registry.npmjs.org/@ideal-postcodes/api-typings/-/api-typings-2.1.0.tgz",
      "integrity": "sha512-OT2yNSr+qTq+4S64rmQKxbqnhfrUXXfU/lOOIZDXlL1VbWazgui/5vLYZoDXTstq3353kFf5u4MCRl/6q+NjDw=="
    },
    "@ideal-postcodes/core-axios": {
      "version": "3.0.3",
      "resolved": "https://registry.npmjs.org/@ideal-postcodes/core-axios/-/core-axios-3.0.3.tgz",
      "integrity": "sha512-MbhdQPNW9OSg1C2s62OsrKGpuE9JOG8CElq214VOp/t2qTtaRxekE2Mw8zuap83JwzZSZn0YLCzZ43S0Fxf6mQ==",
      "requires": {
        "@ideal-postcodes/core-interface": "~2.0.3",
        "axios": "~0.21.0"
      }
    },
    "@ideal-postcodes/core-interface": {
      "version": "2.0.3",
      "resolved": "https://registry.npmjs.org/@ideal-postcodes/core-interface/-/core-interface-2.0.3.tgz",
      "integrity": "sha512-WPUEbjEa0weEa5W7kL+l4J16JULP9eDCmMQWj+OxmqujiB79etTsPnKVgcmC/JDOrtjhGx7j4xyNSU5f+MmO1Q==",
      "requires": {
        "@ideal-postcodes/api-typings": "~2.1.0"
      }
    },
    "@ideal-postcodes/jsutil": {
      "version": "4.4.2",
      "resolved": "https://registry.npmjs.org/@ideal-postcodes/jsutil/-/jsutil-4.4.2.tgz",
      "integrity": "sha512-gaX192+R0GJUdP5qFElnS/aqZBFIja2HeazuHqPcn4r4gyVHLWFlyKL7/Mhl/kDj5nLLoKll2TtkMM8zMqAPsg==",
      "requires": {
        "capitalise-post-town": "~3.0.1"
      }
    },
    "@xstate/fsm": {
      "version": "1.6.1",
      "resolved": "https://registry.npmjs.org/@xstate/fsm/-/fsm-1.6.1.tgz",
      "integrity": "sha512-xYKDNuPR36/fUK+jmhM+oauBmbdUAfuJKnDjg3/7NbN+Pj03TX7e94LXnzkwGgAR+U/HWoMqM5UPTuGIYfIx9g=="
    },
    "axios": {
      "version": "0.21.1",
      "resolved": "https://registry.npmjs.org/axios/-/axios-0.21.1.tgz",
      "integrity": "sha512-dKQiRHxGD9PPRIUNIWvZhPTPpl1rf/OxTYKsqKUDjBwYylTvV7SjSHJb9ratfyzM6wCdLCOYLzs73qpg5c4iGA==",
      "requires": {
        "follow-redirects": "^1.10.0"
      }
    },
    "capitalise-post-town": {
      "version": "3.0.1",
      "resolved": "https://registry.npmjs.org/capitalise-post-town/-/capitalise-post-town-3.0.1.tgz",
      "integrity": "sha512-Uesq+qGBrhV+IPATfKKsz7DrSmZj8n3PpamoslRsnUKrDOxAgD68ZPgNvKk05Gy5bAVfAhdmyVzrKnQyC7ewDA=="
    },
    "follow-redirects": {
      "version": "1.14.1",
      "resolved": "https://registry.npmjs.org/follow-redirects/-/follow-redirects-1.14.1.tgz",
      "integrity": "sha512-HWqDgT7ZEkqRzBvc2s64vSZ/hfOceEol3ac/7tKwzuvEyWx3/4UegXh5oBOIotkGsObyk3xznnSRVADBgWSQVg=="
    },
    "lodash": {
      "version": "4.17.21",
      "resolved": "https://registry.npmjs.org/lodash/-/lodash-4.17.21.tgz",
      "integrity": "sha512-v2kDEe57lecTulaDIuNTPy3Ry4gLGJ6Z1O3vE1krgXZNrsQ+LFTGHVxVjcXPs17LhbZVGedAJv8XZ1tvj5FvSg=="
    }
  }
}
